
Microsoft Visual Studio Solution File, Format Version 12.00
# Visual Studio Version 17
VisualStudioVersion = 17.0.31903.59
MinimumVisualStudioVersion = 10.0.40219.1
Project("{9A19103F-16F7-4668-BE54-9A1E7A4F7556}") = "ImmersiveDice.Simulation.Ubiquity.NeonArena", "source\ImmersiveDice.Simulation.Ubiquity.NeonArena\ImmersiveDice.Simulation.Ubiquity.NeonArena.csproj", "{113CE141-6836-4C5B-8729-A6E18E3C5F16}"
EndProject
Project("{2150E333-8FDC-42A3-9474-1A3956D46DE8}") = "Source", "Source", "{6E3E00E3-C8D8-40A7-9F1C-DCE01D81C96F}"
EndProject
Project("{2150E333-8FDC-42A3-9474-1A3956D46DE8}") = "Tests", "Tests", "{DB50FDB0-C60D-4DB8-B07B-97D3E2D40098}"
EndProject
Project("{9A19103F-16F7-4668-BE54-9A1E7A4F7556}") = "ImmersiveDice.Simulation.AcceptanceTests", "tests\AcceptanceTests\ImmersiveDice.Simulation.AcceptanceTests\ImmersiveDice.Simulation.AcceptanceTests.csproj", "{E0A150D4-511C-4283-B506-BA43EF308D68}"
EndProject
Project("{9A19103F-16F7-4668-BE54-9A1E7A4F7556}") = "ImmersiveDice.Simulation.Ubiquity.NeonArena.UnitTests", "tests\UnitTests\ImmersiveDice.Simulation.Ubiquity.NeonArena.UnitTests\ImmersiveDice.Simulation.Ubiquity.NeonArena.UnitTests.csproj", "{F133BEF6-0CEF-4EEC-896A-98E898912EAA}"
EndProject
Project("{9A19103F-16F7-4668-BE54-9A1E7A4F7556}") = "ImmersiveDice.Simulation.Application.Console", "source\ImmersiveDice.Simulation.Application.Console\ImmersiveDice.Simulation.Application.Console.csproj", "{C2C2435E-E685-4652-89F9-EE1BCE97490E}"
EndProject
Global
	GlobalSection(SolutionConfigurationPlatforms) = preSolution
		Debug|Any CPU = Debug|Any CPU
		Release|Any CPU = Release|Any CPU
	EndGlobalSection
	GlobalSection(ProjectConfigurationPlatforms) = postSolution
		{113CE141-6836-4C5B-8729-A6E18E3C5F16}.Debug|Any CPU.ActiveCfg = Debug|Any CPU
		{113CE141-6836-4C5B-8729-A6E18E3C5F16}.Debug|Any CPU.Build.0 = Debug|Any CPU
		{113CE141-6836-4C5B-8729-A6E18E3C5F16}.Release|Any CPU.ActiveCfg = Release|Any CPU
		{113CE141-6836-4C5B-8729-A6E18E3C5F16}.Release|Any CPU.Build.0 = Release|Any CPU
		{E0A150D4-511C-4283-B506-BA43EF308D68}.Debug|Any CPU.ActiveCfg = Debug|Any CPU
		{E0A150D4-511C-4283-B506-BA43EF308D68}.Debug|Any CPU.Build.0 = Debug|Any CPU
		{E0A150D4-511C-4283-B506-BA43EF308D68}.Release|Any CPU.ActiveCfg = Release|Any CPU
		{E0A150D4-511C-4283-B506-BA43EF308D68}.Release|Any CPU.Build.0 = Release|Any CPU
		{F133BEF6-0CEF-4EEC-896A-98E898912EAA}.Debug|Any CPU.ActiveCfg = Debug|Any CPU
		{F133BEF6-0CEF-4EEC-896A-98E898912EAA}.Debug|Any CPU.Build.0 = Debug|Any CPU
		{F133BEF6-0CEF-4EEC-896A-98E898912EAA}.Release|Any CPU.ActiveCfg = Release|Any CPU
		{F133BEF6-0CEF-4EEC-896A-98E898912EAA}.Release|Any CPU.Build.0 = Release|Any CPU
		{C2C2435E-E685-4652-89F9-EE1BCE97490E}.Debug|Any CPU.ActiveCfg = Debug|Any CPU
		{C2C2435E-E685-4652-89F9-EE1BCE97490E}.Debug|Any CPU.Build.0 = Debug|Any CPU
		{C2C2435E-E685-4652-89F9-EE1BCE97490E}.Release|Any CPU.ActiveCfg = Release|Any CPU
		{C2C2435E-E685-4652-89F9-EE1BCE97490E}.Release|Any CPU.Build.0 = Release|Any CPU
	EndGlobalSection
	GlobalSection(SolutionProperties) = preSolution
		HideSolutionNode = FALSE
	EndGlobalSection
	GlobalSection(NestedProjects) = preSolution
		{113CE141-6836-4C5B-8729-A6E18E3C5F16} = {6E3E00E3-C8D8-40A7-9F1C-DCE01D81C96F}
		{E0A150D4-511C-4283-B506-BA43EF308D68} = {DB50FDB0-C60D-4DB8-B07B-97D3E2D40098}
		{F133BEF6-0CEF-4EEC-896A-98E898912EAA} = {DB50FDB0-C60D-4DB8-B07B-97D3E2D40098}
		{C2C2435E-E685-4652-89F9-EE1BCE97490E} = {6E3E00E3-C8D8-40A7-9F1C-DCE01D81C96F}
	EndGlobalSection
	GlobalSection(ExtensibilityGlobals) = postSolution
		SolutionGuid = {3F6CFAA7-788C-45FA-A6F7-CF557B0AC093}
	EndGlobalSection
EndGlobal
